
Microsoft Visual Studio Solution File, Format Version 12.00
# Visual Studio Version 17
VisualStudioVersion = 17.3.32901.215
MinimumVisualStudioVersion = 10.0.40219.1
Project("{FAE04EC0-301F-11D3-BF4B-00C04F79EFBC}") = "ASPNCMVC", "ASPNCMVC\ASPNCMVC.csproj", "{070DC3E6-3A05-45D8-9A91-BAE9ABC3794D}"
EndProject
Global
	GlobalSection(SolutionConfigurationPlatforms) = preSolution
		Debug|Any CPU = Debug|Any CPU
		Release|Any CPU = Release|Any CPU
	EndGlobalSection
	GlobalSection(ProjectConfigurationPlatforms) = postSolution
		{070DC3E6-3A05-45D8-9A91-BAE9ABC3794D}.Debug|Any CPU.ActiveCfg = Debug|Any CPU
		{070DC3E6-3A05-45D8-9A91-BAE9ABC3794D}.Debug|Any CPU.Build.0 = Debug|Any CPU
		{070DC3E6-3A05-45D8-9A91-BAE9ABC3794D}.Release|Any CPU.ActiveCfg = Release|Any CPU
		{070DC3E6-3A05-45D8-9A91-BAE9ABC3794D}.Release|Any CPU.Build.0 = Release|Any CPU
	EndGlobalSection
	GlobalSection(SolutionProperties) = preSolution
		HideSolutionNode = FALSE
	EndGlobalSection
	GlobalSection(ExtensibilityGlobals) = postSolution
		SolutionGuid = {0F232DC5-3110-4C30-83A0-3C399DA79EB9}
	EndGlobalSection
EndGlobal
